Microsoft Visual Studio Solution File, Format Version 11.00
# Visual Studio 2008

Project("{EE3E30B7-93A4-EF3B-0D2D-D21AC4FFD406}") = "2d-android", "Assembly-CSharp-firstpass.csproj", "{477BEC1E-B157-8FEA-5756-C814B6EFF751}"
EndProject
Project("{EE3E30B7-93A4-EF3B-0D2D-D21AC4FFD406}") = "2d-android", "Assembly-CSharp.csproj", "{09A6AEBD-78C7-72D2-1CB6-FE493B713F61}"
EndProject
Project("{EE3E30B7-93A4-EF3B-0D2D-D21AC4FFD406}") = "2d-android", "Assembly-CSharp-Editor.csproj", "{6E647F9B-9F34-5C4C-4048-9F9A52F8DA0D}"
EndProject
Global
	GlobalSection(SolutionConfigurationPlatforms) = preSolution
		Debug|Any CPU = Debug|Any CPU
		Release|Any CPU = Release|Any CPU
	EndGlobalSection
	GlobalSection(ProjectConfigurationPlatforms) = postSolution
		{477BEC1E-B157-8FEA-5756-C814B6EFF751}.Debug|Any CPU.ActiveCfg = Debug|Any CPU
		{477BEC1E-B157-8FEA-5756-C814B6EFF751}.Debug|Any CPU.Build.0 = Debug|Any CPU
		{477BEC1E-B157-8FEA-5756-C814B6EFF751}.Release|Any CPU.ActiveCfg = Release|Any CPU
		{477BEC1E-B157-8FEA-5756-C814B6EFF751}.Release|Any CPU.Build.0 = Release|Any CPU
		{09A6AEBD-78C7-72D2-1CB6-FE493B713F61}.Debug|Any CPU.ActiveCfg = Debug|Any CPU
		{09A6AEBD-78C7-72D2-1CB6-FE493B713F61}.Debug|Any CPU.Build.0 = Debug|Any CPU
		{09A6AEBD-78C7-72D2-1CB6-FE493B713F61}.Release|Any CPU.ActiveCfg = Release|Any CPU
		{09A6AEBD-78C7-72D2-1CB6-FE493B713F61}.Release|Any CPU.Build.0 = Release|Any CPU
		{6E647F9B-9F34-5C4C-4048-9F9A52F8DA0D}.Debug|Any CPU.ActiveCfg = Debug|Any CPU
		{6E647F9B-9F34-5C4C-4048-9F9A52F8DA0D}.Debug|Any CPU.Build.0 = Debug|Any CPU
		{6E647F9B-9F34-5C4C-4048-9F9A52F8DA0D}.Release|Any CPU.ActiveCfg = Release|Any CPU
		{6E647F9B-9F34-5C4C-4048-9F9A52F8DA0D}.Release|Any CPU.Build.0 = Release|Any CPU
	EndGlobalSection
	GlobalSection(SolutionProperties) = preSolution
		HideSolutionNode = FALSE
	EndGlobalSection
	GlobalSection(MonoDevelopProperties) = preSolution
		StartupItem = Assembly-CSharp.csproj
	EndGlobalSection
EndGlobal
